{
  "version": 4,
  "terraform_version": "1.12.0",
  "serial": 41,
  "lineage": "da83957d-aadb-a072-3583-c96226744102",
  "outputs": {
    "ansible_inventory": {
      "value": "app:\n  hosts:\n    app-1:\n      ansible_host: 172.16.0.3\n    app-2:\n      ansible_host: 172.16.0.2\n\nredis:\n  hosts:\n    redis:\n      ansible_host: 172.16.0.11\n\nmail:\n  hosts:\n    mail-1:\n      ansible_host: 172.16.0.10\n    mail-2:\n      ansible_host: 172.16.0.5\n\nmail_proxy:\n  hosts:\n    mail-proxy:\n      ansible_host: 172.16.0.6\n\nmysql_master:\n  hosts:\n    mysql-master:\n      ansible_host: 172.16.0.13\n\nmysql_slave:\n  hosts:\n    mysql-slave:\n      ansible_host: 172.16.0.8\n\nmonitoring:\n  hosts:\n    monitoring:\n      ansible_host: 172.16.0.4\n\nmysql:\n  children:\n    mysql_master:\n    mysql_slave:\n\nstaging:\n  children:\n    app:\n    redis:\n    mail:\n    mail_proxy:\n    mysql:\n    monitoring:\n",
      "type": "string"
    },
    "app_servers": {
      "value": {
        "app-1": {
          "id": "64462615",
          "private_ip": "172.16.0.3"
        },
        "app-2": {
          "id": "64462616",
          "private_ip": "172.16.0.2"
        }
      },
      "type": [
        "object",
        {
          "app-1": [
            "object",
            {
              "id": "string",
              "private_ip": "string"
            }
          ],
          "app-2": [
            "object",
            {
              "id": "string",
              "private_ip": "string"
            }
          ]
        }
      ]
    },
    "mail_servers": {
      "value": {
        "mail-1": {
          "id": "64462613",
          "private_ip": "172.16.0.10"
        },
        "mail-2": {
          "id": "64462611",
          "private_ip": "172.16.0.5"
        }
      },
      "type": [
        "object",
        {
          "mail-1": [
            "object",
            {
              "id": "string",
              "private_ip": "string"
            }
          ],
          "mail-2": [
            "object",
            {
              "id": "string",
              "private_ip": "string"
            }
          ]
        }
      ]
    },
    "monitoring_server": {
      "value": {
        "id": "64462602",
        "name": "monitoring",
        "private_ip": "172.16.0.4"
      },
      "type": [
        "object",
        {
          "id": "string",
          "name": "string",
          "private_ip": "string"
        }
      ]
    },
    "mysql_master_server": {
      "value": {
        "id": "64462612",
        "name": "mysql-master",
        "private_ip": "172.16.0.13"
      },
      "type": [
        "object",
        {
          "id": "string",
          "name": "string",
          "private_ip": "string"
        }
      ]
    },
    "network": {
      "value": {
        "id": "11030249",
        "ip_range": "172.16.0.0/16",
        "name": "kibamail-staging-network"
      },
      "type": [
        "object",
        {
          "id": "string",
          "ip_range": "string",
          "name": "string"
        }
      ]
    },
    "redis_server": {
      "value": {
        "id": "64462617",
        "name": "redis",
        "private_ip": "172.16.0.11"
      },
      "type": [
        "object",
        {
          "id": "string",
          "name": "string",
          "private_ip": "string"
        }
      ]
    }
  },
  "resources": [
    {
      "mode": "data",
      "type": "hcloud_ssh_key",
      "name": "terraform",
      "provider": "provider[\"registry.terraform.io/hetznercloud/hcloud\"]",
      "instances": [
        {
          "schema_version": 0,
          "attributes": {
            "fingerprint": "d4:c0:18:75:f9:41:c0:8a:07:c5:ab:be:39:56:57:6b",
            "id": 29004314,
            "labels": {},
            "name": "kibamail-staging",
            "public_key": "ssh-ed25519 AAAAC3NzaC1lZDI1NTE5AAAAINYuXjw43LTEQXV61TtU73Z1yECeJ8BWo6GX189ZNPPT",
            "selector": null,
            "with_selector": null
          },
          "sensitive_attributes": [],
          "identity_schema_version": 0
        }
      ]
    },
    {
      "mode": "managed",
      "type": "hcloud_network",
      "name": "kibamail_network",
      "provider": "provider[\"registry.terraform.io/hetznercloud/hcloud\"]",
      "instances": [
        {
          "schema_version": 0,
          "attributes": {
            "delete_protection": true,
            "expose_routes_to_vswitch": false,
            "id": "11030249",
            "ip_range": "172.16.0.0/16",
            "labels": {},
            "name": "kibamail-staging-network"
          },
          "sensitive_attributes": [],
          "identity_schema_version": 0,
          "private": "bnVsbA=="
        }
      ]
    },
    {
      "mode": "managed",
      "type": "hcloud_network_subnet",
      "name": "kibamail_subnet",
      "provider": "provider[\"registry.terraform.io/hetznercloud/hcloud\"]",
      "instances": [
        {
          "schema_version": 0,
          "attributes": {
            "gateway": "172.16.0.1",
            "id": "11030249-172.16.0.0/16",
            "ip_range": "172.16.0.0/16",
            "network_id": 11030249,
            "network_zone": "eu-central",
            "type": "cloud",
            "vswitch_id": null
          },
          "sensitive_attributes": [],
          "identity_schema_version": 0,
          "private": "bnVsbA==",
          "dependencies": [
            "hcloud_network.kibamail_network"
          ]
        }
      ]
    },
    {
      "mode": "managed",
      "type": "hcloud_server",
      "name": "app",
      "provider": "provider[\"registry.terraform.io/hetznercloud/hcloud\"]",
      "instances": [
        {
          "index_key": 0,
          "schema_version": 0,
          "attributes": {
            "allow_deprecated_images": false,
            "backup_window": "",
            "backups": false,
            "datacenter": "fsn1-dc14",
            "delete_protection": true,
            "firewall_ids": [],
            "id": "64462615",
            "ignore_remote_firewall_ids": false,
            "image": "ubuntu-24.04",
            "ipv4_address": "",
            "ipv6_address": "",
            "ipv6_network": "\u003cnil\u003e",
            "iso": null,
            "keep_disk": false,
            "labels": {
              "environment": "staging",
              "project": "kibamail",
              "role": "app"
            },
            "location": "fsn1",
            "name": "app-1",
            "network": [
              {
                "alias_ips": [],
                "ip": "172.16.0.3",
                "mac_address": "86:00:00:c0:b9:8c",
                "network_id": 11030249
              }
            ],
            "placement_group_id": null,
            "primary_disk_size": 80,
            "public_net": [
              {
                "ipv4": 0,
                "ipv4_enabled": false,
                "ipv6": 0,
                "ipv6_enabled": false
              }
            ],
            "rebuild_protection": true,
            "rescue": null,
            "server_type": "cpx21",
            "shutdown_before_deletion": false,
            "ssh_keys": [
              "29004314"
            ],
            "status": "running",
            "timeouts": null,
            "user_data": "t0JEUwtOtei0N1uBD/blDCyage0="
          },
          "sensitive_attributes": [],
          "identity_schema_version": 0,
          "private": "eyJlMmJmYjczMC1lY2FhLTExZTYtOGY4OC0zNDM2M2JjN2M0YzAiOnsiY3JlYXRlIjo1NDAwMDAwMDAwMDAwfX0=",
          "dependencies": [
            "data.hcloud_ssh_key.terraform",
            "hcloud_network.kibamail_network",
            "hcloud_network_subnet.kibamail_subnet"
          ]
        },
        {
          "index_key": 1,
          "schema_version": 0,
          "attributes": {
            "allow_deprecated_images": false,
            "backup_window": "",
            "backups": false,
            "datacenter": "fsn1-dc14",
            "delete_protection": true,
            "firewall_ids": [],
            "id": "64462616",
            "ignore_remote_firewall_ids": false,
            "image": "ubuntu-24.04",
            "ipv4_address": "",
            "ipv6_address": "",
            "ipv6_network": "\u003cnil\u003e",
            "iso": null,
            "keep_disk": false,
            "labels": {
              "environment": "staging",
              "project": "kibamail",
              "role": "app"
            },
            "location": "fsn1",
            "name": "app-2",
            "network": [
              {
                "alias_ips": [],
                "ip": "172.16.0.2",
                "mac_address": "86:00:00:c0:b9:88",
                "network_id": 11030249
              }
            ],
            "placement_group_id": null,
            "primary_disk_size": 80,
            "public_net": [
              {
                "ipv4": 0,
                "ipv4_enabled": false,
                "ipv6": 0,
                "ipv6_enabled": false
              }
            ],
            "rebuild_protection": true,
            "rescue": null,
            "server_type": "cpx21",
            "shutdown_before_deletion": false,
            "ssh_keys": [
              "29004314"
            ],
            "status": "running",
            "timeouts": null,
            "user_data": "t0JEUwtOtei0N1uBD/blDCyage0="
          },
          "sensitive_attributes": [],
          "identity_schema_version": 0,
          "private": "eyJlMmJmYjczMC1lY2FhLTExZTYtOGY4OC0zNDM2M2JjN2M0YzAiOnsiY3JlYXRlIjo1NDAwMDAwMDAwMDAwfX0=",
          "dependencies": [
            "data.hcloud_ssh_key.terraform",
            "hcloud_network.kibamail_network",
            "hcloud_network_subnet.kibamail_subnet"
          ]
        }
      ]
    },
    {
      "mode": "managed",
      "type": "hcloud_server",
      "name": "mail",
      "provider": "provider[\"registry.terraform.io/hetznercloud/hcloud\"]",
      "instances": [
        {
          "index_key": 0,
          "schema_version": 0,
          "attributes": {
            "allow_deprecated_images": false,
            "backup_window": "",
            "backups": false,
            "datacenter": "fsn1-dc14",
            "delete_protection": true,
            "firewall_ids": [],
            "id": "64462613",
            "ignore_remote_firewall_ids": false,
            "image": "ubuntu-24.04",
            "ipv4_address": "",
            "ipv6_address": "",
            "ipv6_network": "\u003cnil\u003e",
            "iso": null,
            "keep_disk": false,
            "labels": {
              "environment": "staging",
              "project": "kibamail",
              "role": "mail"
            },
            "location": "fsn1",
            "name": "mail-1",
            "network": [
              {
                "alias_ips": [],
                "ip": "172.16.0.10",
                "mac_address": "86:00:00:c0:b9:8d",
                "network_id": 11030249
              }
            ],
            "placement_group_id": null,
            "primary_disk_size": 80,
            "public_net": [
              {
                "ipv4": 0,
                "ipv4_enabled": false,
                "ipv6": 0,
                "ipv6_enabled": false
              }
            ],
            "rebuild_protection": true,
            "rescue": null,
            "server_type": "cpx21",
            "shutdown_before_deletion": false,
            "ssh_keys": [
              "29004314"
            ],
            "status": "running",
            "timeouts": null,
            "user_data": "t0JEUwtOtei0N1uBD/blDCyage0="
          },
          "sensitive_attributes": [],
          "identity_schema_version": 0,
          "private": "eyJlMmJmYjczMC1lY2FhLTExZTYtOGY4OC0zNDM2M2JjN2M0YzAiOnsiY3JlYXRlIjo1NDAwMDAwMDAwMDAwfX0=",
          "dependencies": [
            "data.hcloud_ssh_key.terraform",
            "hcloud_network.kibamail_network",
            "hcloud_network_subnet.kibamail_subnet"
          ]
        },
        {
          "index_key": 1,
          "schema_version": 0,
          "attributes": {
            "allow_deprecated_images": false,
            "backup_window": "",
            "backups": false,
            "datacenter": "fsn1-dc14",
            "delete_protection": true,
            "firewall_ids": [],
            "id": "64462611",
            "ignore_remote_firewall_ids": false,
            "image": "ubuntu-24.04",
            "ipv4_address": "",
            "ipv6_address": "",
            "ipv6_network": "\u003cnil\u003e",
            "iso": null,
            "keep_disk": false,
            "labels": {
              "environment": "staging",
              "project": "kibamail",
              "role": "mail"
            },
            "location": "fsn1",
            "name": "mail-2",
            "network": [
              {
                "alias_ips": [],
                "ip": "172.16.0.5",
                "mac_address": "86:00:00:c0:b9:8e",
                "network_id": 11030249
              }
            ],
            "placement_group_id": null,
            "primary_disk_size": 80,
            "public_net": [
              {
                "ipv4": 0,
                "ipv4_enabled": false,
                "ipv6": 0,
                "ipv6_enabled": false
              }
            ],
            "rebuild_protection": true,
            "rescue": null,
            "server_type": "cpx21",
            "shutdown_before_deletion": false,
            "ssh_keys": [
              "29004314"
            ],
            "status": "running",
            "timeouts": null,
            "user_data": "t0JEUwtOtei0N1uBD/blDCyage0="
          },
          "sensitive_attributes": [],
          "identity_schema_version": 0,
          "private": "eyJlMmJmYjczMC1lY2FhLTExZTYtOGY4OC0zNDM2M2JjN2M0YzAiOnsiY3JlYXRlIjo1NDAwMDAwMDAwMDAwfX0=",
          "dependencies": [
            "data.hcloud_ssh_key.terraform",
            "hcloud_network.kibamail_network",
            "hcloud_network_subnet.kibamail_subnet"
          ]
        }
      ]
    },
    {
      "mode": "managed",
      "type": "hcloud_server",
      "name": "mail_proxy",
      "provider": "provider[\"registry.terraform.io/hetznercloud/hcloud\"]",
      "instances": [
        {
          "status": "tainted",
          "schema_version": 0,
          "attributes": {
            "allow_deprecated_images": false,
            "backup_window": null,
            "backups": false,
            "datacenter": null,
            "delete_protection": true,
            "firewall_ids": [],
            "id": "64462601",
            "ignore_remote_firewall_ids": false,
            "image": "ubuntu-24.04",
            "ipv4_address": null,
            "ipv6_address": null,
            "ipv6_network": null,
            "iso": null,
            "keep_disk": false,
            "labels": {
              "environment": "staging",
              "project": "kibamail",
              "role": "mail-proxy"
            },
            "location": "fsn1",
            "name": "mail-proxy",
            "network": [
              {
                "alias_ips": [],
                "ip": "172.16.0.6",
                "mac_address": "",
                "network_id": 11030249
              }
            ],
            "placement_group_id": null,
            "primary_disk_size": null,
            "public_net": [
              {
                "ipv4": 0,
                "ipv4_enabled": false,
                "ipv6": 0,
                "ipv6_enabled": false
              }
            ],
            "rebuild_protection": true,
            "rescue": null,
            "server_type": "cpx21",
            "shutdown_before_deletion": false,
            "ssh_keys": [
              "29004314"
            ],
            "status": null,
            "timeouts": null,
            "user_data": "t0JEUwtOtei0N1uBD/blDCyage0="
          },
          "sensitive_attributes": [],
          "identity_schema_version": 0,
          "private": "eyJlMmJmYjczMC1lY2FhLTExZTYtOGY4OC0zNDM2M2JjN2M0YzAiOnsiY3JlYXRlIjo1NDAwMDAwMDAwMDAwfX0=",
          "dependencies": [
            "data.hcloud_ssh_key.terraform",
            "hcloud_network.kibamail_network",
            "hcloud_network_subnet.kibamail_subnet"
          ]
        }
      ]
    },
    {
      "mode": "managed",
      "type": "hcloud_server",
      "name": "monitoring",
      "provider": "provider[\"registry.terraform.io/hetznercloud/hcloud\"]",
      "instances": [
        {
          "schema_version": 0,
          "attributes": {
            "allow_deprecated_images": false,
            "backup_window": "",
            "backups": false,
            "datacenter": "fsn1-dc14",
            "delete_protection": true,
            "firewall_ids": [],
            "id": "64462602",
            "ignore_remote_firewall_ids": false,
            "image": "ubuntu-24.04",
            "ipv4_address": "",
            "ipv6_address": "",
            "ipv6_network": "\u003cnil\u003e",
            "iso": null,
            "keep_disk": false,
            "labels": {
              "environment": "staging",
              "project": "kibamail",
              "role": "monitoring"
            },
            "location": "fsn1",
            "name": "monitoring",
            "network": [
              {
                "alias_ips": [],
                "ip": "172.16.0.4",
                "mac_address": "86:00:00:c0:b9:91",
                "network_id": 11030249
              }
            ],
            "placement_group_id": null,
            "primary_disk_size": 80,
            "public_net": [
              {
                "ipv4": 0,
                "ipv4_enabled": false,
                "ipv6": 0,
                "ipv6_enabled": false
              }
            ],
            "rebuild_protection": true,
            "rescue": null,
            "server_type": "cpx21",
            "shutdown_before_deletion": false,
            "ssh_keys": [
              "29004314"
            ],
            "status": "running",
            "timeouts": null,
            "user_data": "t0JEUwtOtei0N1uBD/blDCyage0="
          },
          "sensitive_attributes": [],
          "identity_schema_version": 0,
          "private": "eyJlMmJmYjczMC1lY2FhLTExZTYtOGY4OC0zNDM2M2JjN2M0YzAiOnsiY3JlYXRlIjo1NDAwMDAwMDAwMDAwfX0=",
          "dependencies": [
            "data.hcloud_ssh_key.terraform",
            "hcloud_network.kibamail_network",
            "hcloud_network_subnet.kibamail_subnet"
          ]
        }
      ]
    },
    {
      "mode": "managed",
      "type": "hcloud_server",
      "name": "mysql_master",
      "provider": "provider[\"registry.terraform.io/hetznercloud/hcloud\"]",
      "instances": [
        {
          "schema_version": 0,
          "attributes": {
            "allow_deprecated_images": false,
            "backup_window": "",
            "backups": false,
            "datacenter": "fsn1-dc14",
            "delete_protection": true,
            "firewall_ids": [],
            "id": "64462612",
            "ignore_remote_firewall_ids": false,
            "image": "ubuntu-24.04",
            "ipv4_address": "",
            "ipv6_address": "",
            "ipv6_network": "\u003cnil\u003e",
            "iso": null,
            "keep_disk": false,
            "labels": {
              "environment": "staging",
              "project": "kibamail",
              "role": "mysql",
              "type": "master"
            },
            "location": "fsn1",
            "name": "mysql-master",
            "network": [
              {
                "alias_ips": [],
                "ip": "172.16.0.13",
                "mac_address": "86:00:00:c0:b9:8f",
                "network_id": 11030249
              }
            ],
            "placement_group_id": null,
            "primary_disk_size": 80,
            "public_net": [
              {
                "ipv4": 0,
                "ipv4_enabled": false,
                "ipv6": 0,
                "ipv6_enabled": false
              }
            ],
            "rebuild_protection": true,
            "rescue": null,
            "server_type": "cpx21",
            "shutdown_before_deletion": false,
            "ssh_keys": [
              "29004314"
            ],
            "status": "running",
            "timeouts": null,
            "user_data": "t0JEUwtOtei0N1uBD/blDCyage0="
          },
          "sensitive_attributes": [],
          "identity_schema_version": 0,
          "private": "eyJlMmJmYjczMC1lY2FhLTExZTYtOGY4OC0zNDM2M2JjN2M0YzAiOnsiY3JlYXRlIjo1NDAwMDAwMDAwMDAwfX0=",
          "dependencies": [
            "data.hcloud_ssh_key.terraform",
            "hcloud_network.kibamail_network",
            "hcloud_network_subnet.kibamail_subnet"
          ]
        }
      ]
    },
    {
      "mode": "managed",
      "type": "hcloud_server",
      "name": "mysql_slave",
      "provider": "provider[\"registry.terraform.io/hetznercloud/hcloud\"]",
      "instances": [
        {
          "status": "tainted",
          "schema_version": 0,
          "attributes": {
            "allow_deprecated_images": false,
            "backup_window": null,
            "backups": false,
            "datacenter": null,
            "delete_protection": true,
            "firewall_ids": [],
            "id": "64462614",
            "ignore_remote_firewall_ids": false,
            "image": "ubuntu-24.04",
            "ipv4_address": null,
            "ipv6_address": null,
            "ipv6_network": null,
            "iso": null,
            "keep_disk": false,
            "labels": {
              "environment": "staging",
              "project": "kibamail",
              "role": "mysql",
              "type": "slave"
            },
            "location": "fsn1",
            "name": "mysql-slave",
            "network": [
              {
                "alias_ips": [],
                "ip": "172.16.0.8",
                "mac_address": "",
                "network_id": 11030249
              }
            ],
            "placement_group_id": null,
            "primary_disk_size": null,
            "public_net": [
              {
                "ipv4": 0,
                "ipv4_enabled": false,
                "ipv6": 0,
                "ipv6_enabled": false
              }
            ],
            "rebuild_protection": true,
            "rescue": null,
            "server_type": "cpx21",
            "shutdown_before_deletion": false,
            "ssh_keys": [
              "29004314"
            ],
            "status": null,
            "timeouts": null,
            "user_data": "t0JEUwtOtei0N1uBD/blDCyage0="
          },
          "sensitive_attributes": [],
          "identity_schema_version": 0,
          "private": "eyJlMmJmYjczMC1lY2FhLTExZTYtOGY4OC0zNDM2M2JjN2M0YzAiOnsiY3JlYXRlIjo1NDAwMDAwMDAwMDAwfX0=",
          "dependencies": [
            "data.hcloud_ssh_key.terraform",
            "hcloud_network.kibamail_network",
            "hcloud_network_subnet.kibamail_subnet"
          ]
        }
      ]
    },
    {
      "mode": "managed",
      "type": "hcloud_server",
      "name": "redis",
      "provider": "provider[\"registry.terraform.io/hetznercloud/hcloud\"]",
      "instances": [
        {
          "schema_version": 0,
          "attributes": {
            "allow_deprecated_images": false,
            "backup_window": "",
            "backups": false,
            "datacenter": "fsn1-dc14",
            "delete_protection": true,
            "firewall_ids": [],
            "id": "64462617",
            "ignore_remote_firewall_ids": false,
            "image": "ubuntu-24.04",
            "ipv4_address": "",
            "ipv6_address": "",
            "ipv6_network": "\u003cnil\u003e",
            "iso": null,
            "keep_disk": false,
            "labels": {
              "environment": "staging",
              "project": "kibamail",
              "role": "redis"
            },
            "location": "fsn1",
            "name": "redis",
            "network": [
              {
                "alias_ips": [],
                "ip": "172.16.0.11",
                "mac_address": "86:00:00:c0:b9:89",
                "network_id": 11030249
              }
            ],
            "placement_group_id": null,
            "primary_disk_size": 80,
            "public_net": [
              {
                "ipv4": 0,
                "ipv4_enabled": false,
                "ipv6": 0,
                "ipv6_enabled": false
              }
            ],
            "rebuild_protection": true,
            "rescue": null,
            "server_type": "cpx21",
            "shutdown_before_deletion": false,
            "ssh_keys": [
              "29004314"
            ],
            "status": "running",
            "timeouts": null,
            "user_data": "t0JEUwtOtei0N1uBD/blDCyage0="
          },
          "sensitive_attributes": [],
          "identity_schema_version": 0,
          "private": "eyJlMmJmYjczMC1lY2FhLTExZTYtOGY4OC0zNDM2M2JjN2M0YzAiOnsiY3JlYXRlIjo1NDAwMDAwMDAwMDAwfX0=",
          "dependencies": [
            "data.hcloud_ssh_key.terraform",
            "hcloud_network.kibamail_network",
            "hcloud_network_subnet.kibamail_subnet"
          ]
        }
      ]
    }
  ],
  "check_results": null
}
